
Microsoft Visual Studio Solution File, Format Version 11.00
# Visual Studio 2010
Project("{FAE04EC0-301F-11D3-BF4B-00C04F79EFBC}") = "Museum Udacity", "Assembly-CSharp.csproj", "{250A9BC0-B882-B921-A2BB-09959409BF09}"
EndProject
Project("{FAE04EC0-301F-11D3-BF4B-00C04F79EFBC}") = "Museum Udacity", "Assembly-CSharp-Editor.csproj", "{6D5DBAE3-9CEA-0DB6-6620-704F88091191}"
EndProject
Global
	GlobalSection(SolutionConfigurationPlatforms) = preSolution
		Debug|Any CPU = Debug|Any CPU
		Release|Any CPU = Release|Any CPU
	EndGlobalSection
	GlobalSection(ProjectConfigurationPlatforms) = postSolution
		{250A9BC0-B882-B921-A2BB-09959409BF09}.Debug|Any CPU.ActiveCfg = Debug|Any CPU
		{250A9BC0-B882-B921-A2BB-09959409BF09}.Debug|Any CPU.Build.0 = Debug|Any CPU
		{250A9BC0-B882-B921-A2BB-09959409BF09}.Release|Any CPU.ActiveCfg = Release|Any CPU
		{250A9BC0-B882-B921-A2BB-09959409BF09}.Release|Any CPU.Build.0 = Release|Any CPU
		{6D5DBAE3-9CEA-0DB6-6620-704F88091191}.Debug|Any CPU.ActiveCfg = Debug|Any CPU
		{6D5DBAE3-9CEA-0DB6-6620-704F88091191}.Debug|Any CPU.Build.0 = Debug|Any CPU
		{6D5DBAE3-9CEA-0DB6-6620-704F88091191}.Release|Any CPU.ActiveCfg = Release|Any CPU
		{6D5DBAE3-9CEA-0DB6-6620-704F88091191}.Release|Any CPU.Build.0 = Release|Any CPU
	EndGlobalSection
	GlobalSection(SolutionProperties) = preSolution
		HideSolutionNode = FALSE
	EndGlobalSection
	GlobalSection(MonoDevelopProperties) = preSolution
		StartupItem = Assembly-CSharp.csproj
	EndGlobalSection
EndGlobal
